// !$*UTF8*$!
{
	archiveVersion = 1;
	classes = {
	};
	objectVersion = 46;
	objects = {

/* Begin PBXBuildFile section */
		C5053F7719F25DC4002B8832 /* Foundation.framework in Frameworks */ = {isa = PBXBuildFile; fileRef = C5053F7619F25DC4002B8832 /* Foundation.framework */; };
		C5053F7919F25DC4002B8832 /* CoreGraphics.framework in Frameworks */ = {isa = PBXBuildFile; fileRef = C5053F7819F25DC4002B8832 /* CoreGraphics.framework */; };
		C5053F7B19F25DC4002B8832 /* UIKit.framework in Frameworks */ = {isa = PBXBuildFile; fileRef = C5053F7A19F25DC4002B8832 /* UIKit.framework */; };
		C5053F8119F25DC4002B8832 /* InfoPlist.strings in Resources */ = {isa = PBXBuildFile; fileRef = C5053F7F19F25DC4002B8832 /* InfoPlist.strings */; };
		C5053F8319F25DC4002B8832 /* main.m in Sources */ = {isa = PBXBuildFile; fileRef = C5053F8219F25DC4002B8832 /* main.m */; };
		C5053F8719F25DC4002B8832 /* AppDelegate.m in Sources */ = {isa = PBXBuildFile; fileRef = C5053F8619F25DC4002B8832 /* AppDelegate.m */; };
		C5053F8A19F25DC4002B8832 /* Main_iPhone.storyboard in Resources */ = {isa = PBXBuildFile; fileRef = C5053F8819F25DC4002B8832 /* Main_iPhone.storyboard */; };
		C5053F8D19F25DC4002B8832 /* Main_iPad.storyboard in Resources */ = {isa = PBXBuildFile; fileRef = C5053F8B19F25DC4002B8832 /* Main_iPad.storyboard */; };
		C5053F9019F25DC4002B8832 /* ViewController.m in Sources */ = {isa = PBXBuildFile; fileRef = C5053F8F19F25DC4002B8832 /* ViewController.m */; };
		C5053F9219F25DC4002B8832 /* Images.xcassets in Resources */ = {isa = PBXBuildFile; fileRef = C5053F9119F25DC4002B8832 /* Images.xcassets */; };
		C5053F9919F25DC4002B8832 /* XCTest.framework in Frameworks */ = {isa = PBXBuildFile; fileRef = C5053F9819F25DC4002B8832 /* XCTest.framework */; };
		C5053F9A19F25DC4002B8832 /* Foundation.framework in Frameworks */ = {isa = PBXBuildFile; fileRef = C5053F7619F25DC4002B8832 /* Foundation.framework */; };
		C5053F9B19F25DC4002B8832 /* UIKit.framework in Frameworks */ = {isa = PBXBuildFile; fileRef = C5053F7A19F25DC4002B8832 /* UIKit.framework */; };
		C5053FA319F25DC4002B8832 /* InfoPlist.strings in Resources */ = {isa = PBXBuildFile; fileRef = C5053FA119F25DC4002B8832 /* InfoPlist.strings */; };
		C5053FA519F25DC4002B8832 /* arduiremoteTests.m in Sources */ = {isa = PBXBuildFile; fileRef = C5053FA419F25DC4002B8832 /* arduiremoteTests.m */; };
		C554A01119F524AD00ACB5D2 /* NumericView.m in Sources */ = {isa = PBXBuildFile; fileRef = C554A01019F524AD00ACB5D2 /* NumericView.m */; };
		C57A06E419F67A670058C881 /* AmpView.m in Sources */ = {isa = PBXBuildFile; fileRef = C57A06E319F67A670058C881 /* AmpView.m */; };
/* End PBXBuildFile section */

/* Begin PBXContainerItemProxy section */
		C5053F9C19F25DC4002B8832 /* PBXContainerItemProxy */ = {
			isa = PBXContainerItemProxy;
			containerPortal = C5053F6B19F25DC3002B8832 /* Project object */;
			proxyType = 1;
			remoteGlobalIDString = C5053F7219F25DC3002B8832;
			remoteInfo = arduiremote;
		};
/* End PBXContainerItemProxy section */

/* Begin PBXFileReference section */
		C5053F7319F25DC4002B8832 /* arduiremote.app */ = {isa = PBXFileReference; explicitFileType = wrapper.application; includeInIndex = 0; path = arduiremote.app; sourceTree = BUILT_PRODUCTS_DIR; };
		C5053F7619F25DC4002B8832 /* Foundation.framework */ = {isa = PBXFileReference; lastKnownFileType = wrapper.framework; name = Foundation.framework; path = System/Library/Frameworks/Foundation.framework; sourceTree = SDKROOT; };
		C5053F7819F25DC4002B8832 /* CoreGraphics.framework */ = {isa = PBXFileReference; lastKnownFileType = wrapper.framework; name = CoreGraphics.framework; path = System/Library/Frameworks/CoreGraphics.framework; sourceTree = SDKROOT; };
		C5053F7A19F25DC4002B8832 /* UIKit.framework */ = {isa = PBXFileReference; lastKnownFileType = wrapper.framework; name = UIKit.framework; path = System/Library/Frameworks/UIKit.framework; sourceTree = SDKROOT; };
		C5053F7E19F25DC4002B8832 /* arduiremote-Info.plist */ = {isa = PBXFileReference; lastKnownFileType = text.plist.xml; path = "arduiremote-Info.plist"; sourceTree = "<group>"; };
		C5053F8019F25DC4002B8832 /* en */ = {isa = PBXFileReference; lastKnownFileType = text.plist.strings; name = en; path = en.lproj/InfoPlist.strings; sourceTree = "<group>"; };
		C5053F8219F25DC4002B8832 /* main.m */ = {isa = PBXFileReference; lastKnownFileType = sourcecode.c.objc; path = main.m; sourceTree = "<group>"; };
		C5053F8419F25DC4002B8832 /* arduiremote-Prefix.pch */ = {isa = PBXFileReference; lastKnownFileType = sourcecode.c.h; path = "arduiremote-Prefix.pch"; sourceTree = "<group>"; };
		C5053F8519F25DC4002B8832 /* AppDelegate.h */ = {isa = PBXFileReference; lastKnownFileType = sourcecode.c.h; path = AppDelegate.h; sourceTree = "<group>"; };
		C5053F8619F25DC4002B8832 /* AppDelegate.m */ = {isa = PBXFileReference; lastKnownFileType = sourcecode.c.objc; path = AppDelegate.m; sourceTree = "<group>"; };
		C5053F8919F25DC4002B8832 /* Base */ = {isa = PBXFileReference; lastKnownFileType = file.storyboard; name = Base; path = Base.lproj/Main_iPhone.storyboard; sourceTree = "<group>"; };
		C5053F8C19F25DC4002B8832 /* Base */ = {isa = PBXFileReference; lastKnownFileType = file.storyboard; name = Base; path = Base.lproj/Main_iPad.storyboard; sourceTree = "<group>"; };
		C5053F8E19F25DC4002B8832 /* ViewController.h */ = {isa = PBXFileReference; lastKnownFileType = sourcecode.c.h; path = ViewController.h; sourceTree = "<group>"; };
		C5053F8F19F25DC4002B8832 /* ViewController.m */ = {isa = PBXFileReference; lastKnownFileType = sourcecode.c.objc; path = ViewController.m; sourceTree = "<group>"; };
		C5053F9119F25DC4002B8832 /* Images.xcassets */ = {isa = PBXFileReference; lastKnownFileType = folder.assetcatalog; path = Images.xcassets; sourceTree = "<group>"; };
		C5053F9719F25DC4002B8832 /* arduiremoteTests.xctest */ = {isa = PBXFileReference; explicitFileType = wrapper.cfbundle; includeInIndex = 0; path = arduiremoteTests.xctest; sourceTree = BUILT_PRODUCTS_DIR; };
		C5053F9819F25DC4002B8832 /* XCTest.framework */ = {isa = PBXFileReference; lastKnownFileType = wrapper.framework; name = XCTest.framework; path = Library/Frameworks/XCTest.framework; sourceTree = DEVELOPER_DIR; };
		C5053FA019F25DC4002B8832 /* arduiremoteTests-Info.plist */ = {isa = PBXFileReference; lastKnownFileType = text.plist.xml; path = "arduiremoteTests-Info.plist"; sourceTree = "<group>"; };
		C5053FA219F25DC4002B8832 /* en */ = {isa = PBXFileReference; lastKnownFileType = text.plist.strings; name = en; path = en.lproj/InfoPlist.strings; sourceTree = "<group>"; };
		C5053FA419F25DC4002B8832 /* arduiremoteTests.m */ = {isa = PBXFileReference; lastKnownFileType = sourcecode.c.objc; path = arduiremoteTests.m; sourceTree = "<group>"; };
		C50D31141A04E803002AB979 /* QuartzCore.framework */ = {isa = PBXFileReference; lastKnownFileType = wrapper.framework; name = QuartzCore.framework; path = System/Library/Frameworks/QuartzCore.framework; sourceTree = SDKROOT; };
		C554A00F19F524AD00ACB5D2 /* NumericView.h */ = {isa = PBXFileReference; fileEncoding = 4; lastKnownFileType = sourcecode.c.h; name = NumericView.h; path = ../NumericView.h; sourceTree = "<group>"; };
		C554A01019F524AD00ACB5D2 /* NumericView.m */ = {isa = PBXFileReference; fileEncoding = 4; lastKnownFileType = sourcecode.c.objc; name = NumericView.m; path = ../NumericView.m; sourceTree = "<group>"; };
		C57A06E219F67A670058C881 /* AmpView.h */ = {isa = PBXFileReference; fileEncoding = 4; lastKnownFileType = sourcecode.c.h; path = AmpView.h; sourceTree = "<group>"; };
		C57A06E319F67A670058C881 /* AmpView.m */ = {isa = PBXFileReference; fileEncoding = 4; lastKnownFileType = sourcecode.c.objc; path = AmpView.m; sourceTree = "<group>"; };
/* End PBXFileReference section */

/* Begin PBXFrameworksBuildPhase section */
		C5053F7019F25DC3002B8832 /* Frameworks */ = {
			isa = PBXFrameworksBuildPhase;
			buildActionMask = 2147483647;
			files = (
				C5053F7919F25DC4002B8832 /* CoreGraphics.framework in Frameworks */,
				C5053F7B19F25DC4002B8832 /* UIKit.framework in Frameworks */,
				C5053F7719F25DC4002B8832 /* Foundation.framework in Frameworks */,
			);
			runOnlyForDeploymentPostprocessing = 0;
		};
		C5053F9419F25DC4002B8832 /* Frameworks */ = {
			isa = PBXFrameworksBuildPhase;
			buildActionMask = 2147483647;
			files = (
				C5053F9919F25DC4002B8832 /* XCTest.framework in Frameworks */,
				C5053F9B19F25DC4002B8832 /* UIKit.framework in Frameworks */,
				C5053F9A19F25DC4002B8832 /* Foundation.framework in Frameworks */,
			);
			runOnlyForDeploymentPostprocessing = 0;
		};
/* End PBXFrameworksBuildPhase section */

/* Begin PBXGroup section */
		C5053F6A19F25DC3002B8832 = {
			isa = PBXGroup;
			children = (
				C5053F7C19F25DC4002B8832 /* arduiremote */,
				C5053F9E19F25DC4002B8832 /* arduiremoteTests */,
				C5053F7519F25DC4002B8832 /* Frameworks */,
				C5053F7419F25DC4002B8832 /* Products */,
			);
			sourceTree = "<group>";
		};
		C5053F7419F25DC4002B8832 /* Products */ = {
			isa = PBXGroup;
			children = (
				C5053F7319F25DC4002B8832 /* arduiremote.app */,
				C5053F9719F25DC4002B8832 /* arduiremoteTests.xctest */,
			);
			name = Products;
			sourceTree = "<group>";
		};
		C5053F7519F25DC4002B8832 /* Frameworks */ = {
			isa = PBXGroup;
			children = (
				C50D31141A04E803002AB979 /* QuartzCore.framework */,
				C5053F7619F25DC4002B8832 /* Foundation.framework */,
				C5053F7819F25DC4002B8832 /* CoreGraphics.framework */,
				C5053F7A19F25DC4002B8832 /* UIKit.framework */,
				C5053F9819F25DC4002B8832 /* XCTest.framework */,
			);
			name = Frameworks;
			sourceTree = "<group>";
		};
		C5053F7C19F25DC4002B8832 /* arduiremote */ = {
			isa = PBXGroup;
			children = (
				C554A00F19F524AD00ACB5D2 /* NumericView.h */,
				C554A01019F524AD00ACB5D2 /* NumericView.m */,
				C57A06E219F67A670058C881 /* AmpView.h */,
				C57A06E319F67A670058C881 /* AmpView.m */,
				C5053F8519F25DC4002B8832 /* AppDelegate.h */,
				C5053F8619F25DC4002B8832 /* AppDelegate.m */,
				C5053F8819F25DC4002B8832 /* Main_iPhone.storyboard */,
				C5053F8B19F25DC4002B8832 /* Main_iPad.storyboard */,
				C5053F8E19F25DC4002B8832 /* ViewController.h */,
				C5053F8F19F25DC4002B8832 /* ViewController.m */,
				C5053F9119F25DC4002B8832 /* Images.xcassets */,
				C5053F7D19F25DC4002B8832 /* Supporting Files */,
			);
			path = arduiremote;
			sourceTree = "<group>";
		};
		C5053F7D19F25DC4002B8832 /* Supporting Files */ = {
			isa = PBXGroup;
			children = (
				C5053F7E19F25DC4002B8832 /* arduiremote-Info.plist */,
				C5053F7F19F25DC4002B8832 /* InfoPlist.strings */,
				C5053F8219F25DC4002B8832 /* main.m */,
				C5053F8419F25DC4002B8832 /* arduiremote-Prefix.pch */,
			);
			name = "Supporting Files";
			sourceTree = "<group>";
		};
		C5053F9E19F25DC4002B8832 /* arduiremoteTests */ = {
			isa = PBXGroup;
			children = (
				C5053FA419F25DC4002B8832 /* arduiremoteTests.m */,
				C5053F9F19F25DC4002B8832 /* Supporting Files */,
			);
			path = arduiremoteTests;
			sourceTree = "<group>";
		};
		C5053F9F19F25DC4002B8832 /* Supporting Files */ = {
			isa = PBXGroup;
			children = (
				C5053FA019F25DC4002B8832 /* arduiremoteTests-Info.plist */,
				C5053FA119F25DC4002B8832 /* InfoPlist.strings */,
			);
			name = "Supporting Files";
			sourceTree = "<group>";
		};
/* End PBXGroup section */

/* Begin PBXNativeTarget section */
		C5053F7219F25DC3002B8832 /* arduiremote */ = {
			isa = PBXNativeTarget;
			buildConfigurationList = C5053FA819F25DC4002B8832 /* Build configuration list for PBXNativeTarget "arduiremote" */;
			buildPhases = (
				C5053F6F19F25DC3002B8832 /* Sources */,
				C5053F7019F25DC3002B8832 /* Frameworks */,
				C5053F7119F25DC3002B8832 /* Resources */,
			);
			buildRules = (
			);
			dependencies = (
			);
			name = arduiremote;
			productName = arduiremote;
			productReference = C5053F7319F25DC4002B8832 /* arduiremote.app */;
			productType = "com.apple.product-type.application";
		};
		C5053F9619F25DC4002B8832 /* arduiremoteTests */ = {
			isa = PBXNativeTarget;
			buildConfigurationList = C5053FAB19F25DC4002B8832 /* Build configuration list for PBXNativeTarget "arduiremoteTests" */;
			buildPhases = (
				C5053F9319F25DC4002B8832 /* Sources */,
				C5053F9419F25DC4002B8832 /* Frameworks */,
				C5053F9519F25DC4002B8832 /* Resources */,
			);
			buildRules = (
			);
			dependencies = (
				C5053F9D19F25DC4002B8832 /* PBXTargetDependency */,
			);
			name = arduiremoteTests;
			productName = arduiremoteTests;
			productReference = C5053F9719F25DC4002B8832 /* arduiremoteTests.xctest */;
			productType = "com.apple.product-type.bundle.unit-test";
		};
/* End PBXNativeTarget section */

/* Begin PBXProject section */
		C5053F6B19F25DC3002B8832 /* Project object */ = {
			isa = PBXProject;
			attributes = {
				LastUpgradeCheck = 0510;
				ORGANIZATIONNAME = "___FULLUSERNAME___";
				TargetAttributes = {
					C5053F9619F25DC4002B8832 = {
						TestTargetID = C5053F7219F25DC3002B8832;
					};
				};
			};
			buildConfigurationList = C5053F6E19F25DC3002B8832 /* Build configuration list for PBXProject "arduiremote" */;
			compatibilityVersion = "Xcode 3.2";
			developmentRegion = English;
			hasScannedForEncodings = 0;
			knownRegions = (
				en,
				Base,
			);
			mainGroup = C5053F6A19F25DC3002B8832;
			productRefGroup = C5053F7419F25DC4002B8832 /* Products */;
			projectDirPath = "";
			projectRoot = "";
			targets = (
				C5053F7219F25DC3002B8832 /* arduiremote */,
				C5053F9619F25DC4002B8832 /* arduiremoteTests */,
			);
		};
/* End PBXProject section */

/* Begin PBXResourcesBuildPhase section */
		C5053F7119F25DC3002B8832 /* Resources */ = {
			isa = PBXResourcesBuildPhase;
			buildActionMask = 2147483647;
			files = (
				C5053F8D19F25DC4002B8832 /* Main_iPad.storyboard in Resources */,
				C5053F9219F25DC4002B8832 /* Images.xcassets in Resources */,
				C5053F8A19F25DC4002B8832 /* Main_iPhone.storyboard in Resources */,
				C5053F8119F25DC4002B8832 /* InfoPlist.strings in Resources */,
			);
			runOnlyForDeploymentPostprocessing = 0;
		};
		C5053F9519F25DC4002B8832 /* Resources */ = {
			isa = PBXResourcesBuildPhase;
			buildActionMask = 2147483647;
			files = (
				C5053FA319F25DC4002B8832 /* InfoPlist.strings in Resources */,
			);
			runOnlyForDeploymentPostprocessing = 0;
		};
/* End PBXResourcesBuildPhase section */

/* Begin PBXSourcesBuildPhase section */
		C5053F6F19F25DC3002B8832 /* Sources */ = {
			isa = PBXSourcesBuildPhase;
			buildActionMask = 2147483647;
			files = (
				C5053F9019F25DC4002B8832 /* ViewController.m in Sources */,
				C5053F8719F25DC4002B8832 /* AppDelegate.m in Sources */,
				C57A06E419F67A670058C881 /* AmpView.m in Sources */,
				C554A01119F524AD00ACB5D2 /* NumericView.m in Sources */,
				C5053F8319F25DC4002B8832 /* main.m in Sources */,
			);
			runOnlyForDeploymentPostprocessing = 0;
		};
		C5053F9319F25DC4002B8832 /* Sources */ = {
			isa = PBXSourcesBuildPhase;
			buildActionMask = 2147483647;
			files = (
				C5053FA519F25DC4002B8832 /* arduiremoteTests.m in Sources */,
			);
			runOnlyForDeploymentPostprocessing = 0;
		};
/* End PBXSourcesBuildPhase section */

/* Begin PBXTargetDependency section */
		C5053F9D19F25DC4002B8832 /* PBXTargetDependency */ = {
			isa = PBXTargetDependency;
			target = C5053F7219F25DC3002B8832 /* arduiremote */;
			targetProxy = C5053F9C19F25DC4002B8832 /* PBXContainerItemProxy */;
		};
/* End PBXTargetDependency section */

/* Begin PBXVariantGroup section */
		C5053F7F19F25DC4002B8832 /* InfoPlist.strings */ = {
			isa = PBXVariantGroup;
			children = (
				C5053F8019F25DC4002B8832 /* en */,
			);
			name = InfoPlist.strings;
			sourceTree = "<group>";
		};
		C5053F8819F25DC4002B8832 /* Main_iPhone.storyboard */ = {
			isa = PBXVariantGroup;
			children = (
				C5053F8919F25DC4002B8832 /* Base */,
			);
			name = Main_iPhone.storyboard;
			sourceTree = "<group>";
		};
		C5053F8B19F25DC4002B8832 /* Main_iPad.storyboard */ = {
			isa = PBXVariantGroup;
			children = (
				C5053F8C19F25DC4002B8832 /* Base */,
			);
			name = Main_iPad.storyboard;
			sourceTree = "<group>";
		};
		C5053FA119F25DC4002B8832 /* InfoPlist.strings */ = {
			isa = PBXVariantGroup;
			children = (
				C5053FA219F25DC4002B8832 /* en */,
			);
			name = InfoPlist.strings;
			sourceTree = "<group>";
		};
/* End PBXVariantGroup section */

/* Begin XCBuildConfiguration section */
		C5053FA619F25DC4002B8832 /* Debug */ = {
			isa = XCBuildConfiguration;
			buildSettings = {
				ALWAYS_SEARCH_USER_PATHS = NO;
				CLANG_CXX_LANGUAGE_STANDARD = "gnu++0x";
				CLANG_CXX_LIBRARY = "libc++";
				CLANG_ENABLE_MODULES = YES;
				CLANG_ENABLE_OBJC_ARC = YES;
				CLANG_WARN_BOOL_CONVERSION = YES;
				CLANG_WARN_CONSTANT_CONVERSION = YES;
				CLANG_WARN_DIRECT_OBJC_ISA_USAGE = YES_ERROR;
				CLANG_WARN_EMPTY_BODY = YES;
				CLANG_WARN_ENUM_CONVERSION = YES;
				CLANG_WARN_INT_CONVERSION = YES;
				CLANG_WARN_OBJC_ROOT_CLASS = YES_ERROR;
				CLANG_WARN__DUPLICATE_METHOD_MATCH = YES;
				"CODE_SIGN_IDENTITY[sdk=iphoneos*]" = "iPhone Developer";
				COPY_PHASE_STRIP = NO;
				GCC_C_LANGUAGE_STANDARD = gnu99;
				GCC_DYNAMIC_NO_PIC = NO;
				GCC_OPTIMIZATION_LEVEL = 0;
				GCC_PREPROCESSOR_DEFINITIONS = (
					"DEBUG=1",
					"$(inherited)",
				);
				GCC_SYMBOLS_PRIVATE_EXTERN = NO;
				GCC_WARN_64_TO_32_BIT_CONVERSION = YES;
				GCC_WARN_ABOUT_RETURN_TYPE = YES_ERROR;
				GCC_WARN_UNDECLARED_SELECTOR = YES;
				GCC_WARN_UNINITIALIZED_AUTOS = YES_AGGRESSIVE;
				GCC_WARN_UNUSED_FUNCTION = YES;
				GCC_WARN_UNUSED_VARIABLE = YES;
				IPHONEOS_DEPLOYMENT_TARGET = 8.1;
				ONLY_ACTIVE_ARCH = YES;
				SDKROOT = iphoneos;
				TARGETED_DEVICE_FAMILY = "1,2";
			};
			name = Debug;
		};
		C5053FA719F25DC4002B8832 /* Release */ = {
			isa = XCBuildConfiguration;
			buildSettings = {
				ALWAYS_SEARCH_USER_PATHS = NO;
				CLANG_CXX_LANGUAGE_STANDARD = "gnu++0x";
				CLANG_CXX_LIBRARY = "libc++";
				CLANG_ENABLE_MODULES = YES;
				CLANG_ENABLE_OBJC_ARC = YES;
				CLANG_WARN_BOOL_CONVERSION = YES;
				CLANG_WARN_CONSTANT_CONVERSION = YES;
				CLANG_WARN_DIRECT_OBJC_ISA_USAGE = YES_ERROR;
				CLANG_WARN_EMPTY_BODY = YES;
				CLANG_WARN_ENUM_CONVERSION = YES;
				CLANG_WARN_INT_CONVERSION = YES;
				CLANG_WARN_OBJC_ROOT_CLASS = YES_ERROR;
				CLANG_WARN__DUPLICATE_METHOD_MATCH = YES;
				"CODE_SIGN_IDENTITY[sdk=iphoneos*]" = "iPhone Developer";
				COPY_PHASE_STRIP = YES;
				ENABLE_NS_ASSERTIONS = NO;
				GCC_C_LANGUAGE_STANDARD = gnu99;
				GCC_WARN_64_TO_32_BIT_CONVERSION = YES;
				GCC_WARN_ABOUT_RETURN_TYPE = YES_ERROR;
				GCC_WARN_UNDECLARED_SELECTOR = YES;
				GCC_WARN_UNINITIALIZED_AUTOS = YES_AGGRESSIVE;
				GCC_WARN_UNUSED_FUNCTION = YES;
				GCC_WARN_UNUSED_VARIABLE = YES;
				IPHONEOS_DEPLOYMENT_TARGET = 8.1;
				SDKROOT = iphoneos;
				TARGETED_DEVICE_FAMILY = "1,2";
				VALIDATE_PRODUCT = YES;
			};
			name = Release;
		};
		C5053FA919F25DC4002B8832 /* Debug */ = {
			isa = XCBuildConfiguration;
			buildSettings = {
				ASSETCATALOG_COMPILER_APPICON_NAME = AppIcon;
				ASSETCATALOG_COMPILER_LAUNCHIMAGE_NAME = LaunchImage;
				"CODE_SIGN_IDENTITY[sdk=iphoneos*]" = "";
				GCC_PRECOMPILE_PREFIX_HEADER = YES;
				GCC_PREFIX_HEADER = "arduiremote/arduiremote-Prefix.pch";
				INFOPLIST_FILE = "arduiremote/arduiremote-Info.plist";
				IPHONEOS_DEPLOYMENT_TARGET = 8.1;
				PRODUCT_NAME = "$(TARGET_NAME)";
				TARGETED_DEVICE_FAMILY = "1,2";
				WRAPPER_EXTENSION = app;
			};
			name = Debug;
		};
		C5053FAA19F25DC4002B8832 /* Release */ = {
			isa = XCBuildConfiguration;
			buildSettings = {
				ASSETCATALOG_COMPILER_APPICON_NAME = AppIcon;
				ASSETCATALOG_COMPILER_LAUNCHIMAGE_NAME = LaunchImage;
				"CODE_SIGN_IDENTITY[sdk=iphoneos*]" = "";
				GCC_PRECOMPILE_PREFIX_HEADER = YES;
				GCC_PREFIX_HEADER = "arduiremote/arduiremote-Prefix.pch";
				INFOPLIST_FILE = "arduiremote/arduiremote-Info.plist";
				IPHONEOS_DEPLOYMENT_TARGET = 8.1;
				PRODUCT_NAME = "$(TARGET_NAME)";
				TARGETED_DEVICE_FAMILY = "1,2";
				WRAPPER_EXTENSION = app;
			};
			name = Release;
		};
		C5053FAC19F25DC4002B8832 /* Debug */ = {
			isa = XCBuildConfiguration;
			buildSettings = {
				BUNDLE_LOADER = "$(BUILT_PRODUCTS_DIR)/arduiremote.app/arduiremote";
				FRAMEWORK_SEARCH_PATHS = (
					"$(SDKROOT)/Developer/Library/Frameworks",
					"$(inherited)",
					"$(DEVELOPER_FRAMEWORKS_DIR)",
				);
				GCC_PRECOMPILE_PREFIX_HEADER = YES;
				GCC_PREFIX_HEADER = "arduiremote/arduiremote-Prefix.pch";
				GCC_PREPROCESSOR_DEFINITIONS = (
					"DEBUG=1",
					"$(inherited)",
				);
				INFOPLIST_FILE = "arduiremoteTests/arduiremoteTests-Info.plist";
				PRODUCT_NAME = "$(TARGET_NAME)";
				TEST_HOST = "$(BUNDLE_LOADER)";
				WRAPPER_EXTENSION = xctest;
			};
			name = Debug;
		};
		C5053FAD19F25DC4002B8832 /* Release */ = {
			isa = XCBuildConfiguration;
			buildSettings = {
				BUNDLE_LOADER = "$(BUILT_PRODUCTS_DIR)/arduiremote.app/arduiremote";
				FRAMEWORK_SEARCH_PATHS = (
					"$(SDKROOT)/Developer/Library/Frameworks",
					"$(inherited)",
					"$(DEVELOPER_FRAMEWORKS_DIR)",
				);
				GCC_PRECOMPILE_PREFIX_HEADER = YES;
				GCC_PREFIX_HEADER = "arduiremote/arduiremote-Prefix.pch";
				INFOPLIST_FILE = "arduiremoteTests/arduiremoteTests-Info.plist";
				PRODUCT_NAME = "$(TARGET_NAME)";
				TEST_HOST = "$(BUNDLE_LOADER)";
				WRAPPER_EXTENSION = xctest;
			};
			name = Release;
		};
/* End XCBuildConfiguration section */

/* Begin XCConfigurationList section */
		C5053F6E19F25DC3002B8832 /* Build configuration list for PBXProject "arduiremote" */ = {
			isa = XCConfigurationList;
			buildConfigurations = (
				C5053FA619F25DC4002B8832 /* Debug */,
				C5053FA719F25DC4002B8832 /* Release */,
			);
			defaultConfigurationIsVisible = 0;
			defaultConfigurationName = Release;
		};
		C5053FA819F25DC4002B8832 /* Build configuration list for PBXNativeTarget "arduiremote" */ = {
			isa = XCConfigurationList;
			buildConfigurations = (
				C5053FA919F25DC4002B8832 /* Debug */,
				C5053FAA19F25DC4002B8832 /* Release */,
			);
			defaultConfigurationIsVisible = 0;
			defaultConfigurationName = Release;
		};
		C5053FAB19F25DC4002B8832 /* Build configuration list for PBXNativeTarget "arduiremoteTests" */ = {
			isa = XCConfigurationList;
			buildConfigurations = (
				C5053FAC19F25DC4002B8832 /* Debug */,
				C5053FAD19F25DC4002B8832 /* Release */,
			);
			defaultConfigurationIsVisible = 0;
			defaultConfigurationName = Release;
		};
/* End XCConfigurationList section */
	};
	rootObject = C5053F6B19F25DC3002B8832 /* Project object */;
}
